// !$*UTF8*$!
{
	archiveVersion = 1;
	classes = {
	};
	objectVersion = 46;
	objects = {

/* Begin PBXBuildFile section */
		C2B7D95A1CDA68FB00349919 /* AppDelegate.swift in Sources */ = {isa = PBXBuildFile; fileRef = C2B7D9591CDA68FB00349919 /* AppDelegate.swift */; };
		C2B7D95C1CDA68FB00349919 /* ViewController.swift in Sources */ = {isa = PBXBuildFile; fileRef = C2B7D95B1CDA68FB00349919 /* ViewController.swift */; };
		C2B7D95F1CDA68FB00349919 /* Main.storyboard in Resources */ = {isa = PBXBuildFile; fileRef = C2B7D95D1CDA68FB00349919 /* Main.storyboard */; };
		C2B7D9611CDA68FB00349919 /* Assets.xcassets in Resources */ = {isa = PBXBuildFile; fileRef = C2B7D9601CDA68FB00349919 /* Assets.xcassets */; };
		C2B7D9641CDA68FB00349919 /* LaunchScreen.storyboard in Resources */ = {isa = PBXBuildFile; fileRef = C2B7D9621CDA68FB00349919 /* LaunchScreen.storyboard */; };
		C2B7D96F1CDA68FB00349919 /* NextdoorTests.swift in Sources */ = {isa = PBXBuildFile; fileRef = C2B7D96E1CDA68FB00349919 /* NextdoorTests.swift */; };
/* End PBXBuildFile section */

/* Begin PBXContainerItemProxy section */
		C2B7D96B1CDA68FB00349919 /* PBXContainerItemProxy */ = {
			isa = PBXContainerItemProxy;
			containerPortal = C2B7D94E1CDA68FB00349919 /* Project object */;
			proxyType = 1;
			remoteGlobalIDString = C2B7D9551CDA68FB00349919;
			remoteInfo = Nextdoor;
		};
/* End PBXContainerItemProxy section */

/* Begin PBXFileReference section */
		C2B7D9561CDA68FB00349919 /* Nextdoor.app */ = {isa = PBXFileReference; explicitFileType = wrapper.application; includeInIndex = 0; path = Nextdoor.app; sourceTree = BUILT_PRODUCTS_DIR; };
		C2B7D9591CDA68FB00349919 /* AppDelegate.swift */ = {isa = PBXFileReference; lastKnownFileType = sourcecode.swift; path = AppDelegate.swift; sourceTree = "<group>"; };
		C2B7D95B1CDA68FB00349919 /* ViewController.swift */ = {isa = PBXFileReference; lastKnownFileType = sourcecode.swift; path = ViewController.swift; sourceTree = "<group>"; };
		C2B7D95E1CDA68FB00349919 /* Base */ = {isa = PBXFileReference; lastKnownFileType = file.storyboard; name = Base; path = Base.lproj/Main.storyboard; sourceTree = "<group>"; };
		C2B7D9601CDA68FB00349919 /* Assets.xcassets */ = {isa = PBXFileReference; lastKnownFileType = folder.assetcatalog; path = Assets.xcassets; sourceTree = "<group>"; };
		C2B7D9631CDA68FB00349919 /* Base */ = {isa = PBXFileReference; lastKnownFileType = file.storyboard; name = Base; path = Base.lproj/LaunchScreen.storyboard; sourceTree = "<group>"; };
		C2B7D9651CDA68FB00349919 /* Info.plist */ = {isa = PBXFileReference; lastKnownFileType = text.plist.xml; path = Info.plist; sourceTree = "<group>"; };
		C2B7D96A1CDA68FB00349919 /* NextdoorTests.xctest */ = {isa = PBXFileReference; explicitFileType = wrapper.cfbundle; includeInIndex = 0; path = NextdoorTests.xctest; sourceTree = BUILT_PRODUCTS_DIR; };
		C2B7D96E1CDA68FB00349919 /* NextdoorTests.swift */ = {isa = PBXFileReference; lastKnownFileType = sourcecode.swift; path = NextdoorTests.swift; sourceTree = "<group>"; };
		C2B7D9701CDA68FB00349919 /* Info.plist */ = {isa = PBXFileReference; lastKnownFileType = text.plist.xml; path = Info.plist; sourceTree = "<group>"; };
/* End PBXFileReference section */

/* Begin PBXFrameworksBuildPhase section */
		C2B7D9531CDA68FB00349919 /* Frameworks */ = {
			isa = PBXFrameworksBuildPhase;
			buildActionMask = 2147483647;
			files = (
			);
			runOnlyForDeploymentPostprocessing = 0;
		};
		C2B7D9671CDA68FB00349919 /* Frameworks */ = {
			isa = PBXFrameworksBuildPhase;
			buildActionMask = 2147483647;
			files = (
			);
			runOnlyForDeploymentPostprocessing = 0;
		};
/* End PBXFrameworksBuildPhase section */

/* Begin PBXGroup section */
		C2B7D94D1CDA68FB00349919 = {
			isa = PBXGroup;
			children = (
				C2B7D9581CDA68FB00349919 /* Nextdoor */,
				C2B7D96D1CDA68FB00349919 /* NextdoorTests */,
				C2B7D9571CDA68FB00349919 /* Products */,
			);
			sourceTree = "<group>";
		};
		C2B7D9571CDA68FB00349919 /* Products */ = {
			isa = PBXGroup;
			children = (
				C2B7D9561CDA68FB00349919 /* Nextdoor.app */,
				C2B7D96A1CDA68FB00349919 /* NextdoorTests.xctest */,
			);
			name = Products;
			sourceTree = "<group>";
		};
		C2B7D9581CDA68FB00349919 /* Nextdoor */ = {
			isa = PBXGroup;
			children = (
				C2B7D9591CDA68FB00349919 /* AppDelegate.swift */,
				C2B7D95B1CDA68FB00349919 /* ViewController.swift */,
				C2B7D95D1CDA68FB00349919 /* Main.storyboard */,
				C2B7D9601CDA68FB00349919 /* Assets.xcassets */,
				C2B7D9621CDA68FB00349919 /* LaunchScreen.storyboard */,
				C2B7D9651CDA68FB00349919 /* Info.plist */,
			);
			path = Nextdoor;
			sourceTree = "<group>";
		};
		C2B7D96D1CDA68FB00349919 /* NextdoorTests */ = {
			isa = PBXGroup;
			children = (
				C2B7D96E1CDA68FB00349919 /* NextdoorTests.swift */,
				C2B7D9701CDA68FB00349919 /* Info.plist */,
			);
			path = NextdoorTests;
			sourceTree = "<group>";
		};
/* End PBXGroup section */

/* Begin PBXNativeTarget section */
		C2B7D9551CDA68FB00349919 /* Nextdoor */ = {
			isa = PBXNativeTarget;
			buildConfigurationList = C2B7D9731CDA68FB00349919 /* Build configuration list for PBXNativeTarget "Nextdoor" */;
			buildPhases = (
				C2B7D9521CDA68FB00349919 /* Sources */,
				C2B7D9531CDA68FB00349919 /* Frameworks */,
				C2B7D9541CDA68FB00349919 /* Resources */,
			);
			buildRules = (
			);
			dependencies = (
			);
			name = Nextdoor;
			productName = Nextdoor;
			productReference = C2B7D9561CDA68FB00349919 /* Nextdoor.app */;
			productType = "com.apple.product-type.application";
		};
		C2B7D9691CDA68FB00349919 /* NextdoorTests */ = {
			isa = PBXNativeTarget;
			buildConfigurationList = C2B7D9761CDA68FB00349919 /* Build configuration list for PBXNativeTarget "NextdoorTests" */;
			buildPhases = (
				C2B7D9661CDA68FB00349919 /* Sources */,
				C2B7D9671CDA68FB00349919 /* Frameworks */,
				C2B7D9681CDA68FB00349919 /* Resources */,
			);
			buildRules = (
			);
			dependencies = (
				C2B7D96C1CDA68FB00349919 /* PBXTargetDependency */,
			);
			name = NextdoorTests;
			productName = NextdoorTests;
			productReference = C2B7D96A1CDA68FB00349919 /* NextdoorTests.xctest */;
			productType = "com.apple.product-type.bundle.unit-test";
		};
/* End PBXNativeTarget section */

/* Begin PBXProject section */
		C2B7D94E1CDA68FB00349919 /* Project object */ = {
			isa = PBXProject;
			attributes = {
				LastSwiftUpdateCheck = 0730;
				LastUpgradeCheck = 0730;
				ORGANIZATIONNAME = AT;
				TargetAttributes = {
					C2B7D9551CDA68FB00349919 = {
						CreatedOnToolsVersion = 7.3;
					};
					C2B7D9691CDA68FB00349919 = {
						CreatedOnToolsVersion = 7.3;
						TestTargetID = C2B7D9551CDA68FB00349919;
					};
				};
			};
			buildConfigurationList = C2B7D9511CDA68FB00349919 /* Build configuration list for PBXProject "Nextdoor" */;
			compatibilityVersion = "Xcode 3.2";
			developmentRegion = English;
			hasScannedForEncodings = 0;
			knownRegions = (
				en,
				Base,
			);
			mainGroup = C2B7D94D1CDA68FB00349919;
			productRefGroup = C2B7D9571CDA68FB00349919 /* Products */;
			projectDirPath = "";
			projectRoot = "";
			targets = (
				C2B7D9551CDA68FB00349919 /* Nextdoor */,
				C2B7D9691CDA68FB00349919 /* NextdoorTests */,
			);
		};
/* End PBXProject section */

/* Begin PBXResourcesBuildPhase section */
		C2B7D9541CDA68FB00349919 /* Resources */ = {
			isa = PBXResourcesBuildPhase;
			buildActionMask = 2147483647;
			files = (
				C2B7D9641CDA68FB00349919 /* LaunchScreen.storyboard in Resources */,
				C2B7D9611CDA68FB00349919 /* Assets.xcassets in Resources */,
				C2B7D95F1CDA68FB00349919 /* Main.storyboard in Resources */,
			);
			runOnlyForDeploymentPostprocessing = 0;
		};
		C2B7D9681CDA68FB00349919 /* Resources */ = {
			isa = PBXResourcesBuildPhase;
			buildActionMask = 2147483647;
			files = (
			);
			runOnlyForDeploymentPostprocessing = 0;
		};
/* End PBXResourcesBuildPhase section */

/* Begin PBXSourcesBuildPhase section */
		C2B7D9521CDA68FB00349919 /* Sources */ = {
			isa = PBXSourcesBuildPhase;
			buildActionMask = 2147483647;
			files = (
				C2B7D95C1CDA68FB00349919 /* ViewController.swift in Sources */,
				C2B7D95A1CDA68FB00349919 /* AppDelegate.swift in Sources */,
			);
			runOnlyForDeploymentPostprocessing = 0;
		};
		C2B7D9661CDA68FB00349919 /* Sources */ = {
			isa = PBXSourcesBuildPhase;
			buildActionMask = 2147483647;
			files = (
				C2B7D96F1CDA68FB00349919 /* NextdoorTests.swift in Sources */,
			);
			runOnlyForDeploymentPostprocessing = 0;
		};
/* End PBXSourcesBuildPhase section */

/* Begin PBXTargetDependency section */
		C2B7D96C1CDA68FB00349919 /* PBXTargetDependency */ = {
			isa = PBXTargetDependency;
			target = C2B7D9551CDA68FB00349919 /* Nextdoor */;
			targetProxy = C2B7D96B1CDA68FB00349919 /* PBXContainerItemProxy */;
		};
/* End PBXTargetDependency section */

/* Begin PBXVariantGroup section */
		C2B7D95D1CDA68FB00349919 /* Main.storyboard */ = {
			isa = PBXVariantGroup;
			children = (
				C2B7D95E1CDA68FB00349919 /* Base */,
			);
			name = Main.storyboard;
			sourceTree = "<group>";
		};
		C2B7D9621CDA68FB00349919 /* LaunchScreen.storyboard */ = {
			isa = PBXVariantGroup;
			children = (
				C2B7D9631CDA68FB00349919 /* Base */,
			);
			name = LaunchScreen.storyboard;
			sourceTree = "<group>";
		};
/* End PBXVariantGroup section */

/* Begin XCBuildConfiguration section */
		C2B7D9711CDA68FB00349919 /* Debug */ = {
			isa = XCBuildConfiguration;
			buildSettings = {
				ALWAYS_SEARCH_USER_PATHS = NO;
				CLANG_ANALYZER_NONNULL = YES;
				CLANG_CXX_LANGUAGE_STANDARD = "gnu++0x";
				CLANG_CXX_LIBRARY = "libc++";
				CLANG_ENABLE_MODULES = YES;
				CLANG_ENABLE_OBJC_ARC = YES;
				CLANG_WARN_BOOL_CONVERSION = YES;
				CLANG_WARN_CONSTANT_CONVERSION = YES;
				CLANG_WARN_DIRECT_OBJC_ISA_USAGE = YES_ERROR;
				CLANG_WARN_EMPTY_BODY = YES;
				CLANG_WARN_ENUM_CONVERSION = YES;
				CLANG_WARN_INT_CONVERSION = YES;
				CLANG_WARN_OBJC_ROOT_CLASS = YES_ERROR;
				CLANG_WARN_UNREACHABLE_CODE = YES;
				CLANG_WARN__DUPLICATE_METHOD_MATCH = YES;
				"CODE_SIGN_IDENTITY[sdk=iphoneos*]" = "iPhone Developer";
				COPY_PHASE_STRIP = NO;
				DEBUG_INFORMATION_FORMAT = dwarf;
				ENABLE_STRICT_OBJC_MSGSEND = YES;
				ENABLE_TESTABILITY = YES;
				GCC_C_LANGUAGE_STANDARD = gnu99;
				GCC_DYNAMIC_NO_PIC = NO;
				GCC_NO_COMMON_BLOCKS = YES;
				GCC_OPTIMIZATION_LEVEL = 0;
				GCC_PREPROCESSOR_DEFINITIONS = (
					"DEBUG=1",
					"$(inherited)",
				);
				GCC_WARN_64_TO_32_BIT_CONVERSION = YES;
				GCC_WARN_ABOUT_RETURN_TYPE = YES_ERROR;
				GCC_WARN_UNDECLARED_SELECTOR = YES;
				GCC_WARN_UNINITIALIZED_AUTOS = YES_AGGRESSIVE;
				GCC_WARN_UNUSED_FUNCTION = YES;
				GCC_WARN_UNUSED_VARIABLE = YES;
				IPHONEOS_DEPLOYMENT_TARGET = 9.3;
				MTL_ENABLE_DEBUG_INFO = YES;
				ONLY_ACTIVE_ARCH = YES;
				SDKROOT = iphoneos;
				SWIFT_OPTIMIZATION_LEVEL = "-Onone";
			};
			name = Debug;
		};
		C2B7D9721CDA68FB00349919 /* Release */ = {
			isa = XCBuildConfiguration;
			buildSettings = {
				ALWAYS_SEARCH_USER_PATHS = NO;
				CLANG_ANALYZER_NONNULL = YES;
				CLANG_CXX_LANGUAGE_STANDARD = "gnu++0x";
				CLANG_CXX_LIBRARY = "libc++";
				CLANG_ENABLE_MODULES = YES;
				CLANG_ENABLE_OBJC_ARC = YES;
				CLANG_WARN_BOOL_CONVERSION = YES;
				CLANG_WARN_CONSTANT_CONVERSION = YES;
				CLANG_WARN_DIRECT_OBJC_ISA_USAGE = YES_ERROR;
				CLANG_WARN_EMPTY_BODY = YES;
				CLANG_WARN_ENUM_CONVERSION = YES;
				CLANG_WARN_INT_CONVERSION = YES;
				CLANG_WARN_OBJC_ROOT_CLASS = YES_ERROR;
				CLANG_WARN_UNREACHABLE_CODE = YES;
				CLANG_WARN__DUPLICATE_METHOD_MATCH = YES;
				"CODE_SIGN_IDENTITY[sdk=iphoneos*]" = "iPhone Developer";
				COPY_PHASE_STRIP = NO;
				DEBUG_INFORMATION_FORMAT = "dwarf-with-dsym";
				ENABLE_NS_ASSERTIONS = NO;
				ENABLE_STRICT_OBJC_MSGSEND = YES;
				GCC_C_LANGUAGE_STANDARD = gnu99;
				GCC_NO_COMMON_BLOCKS = YES;
				GCC_WARN_64_TO_32_BIT_CONVERSION = YES;
				GCC_WARN_ABOUT_RETURN_TYPE = YES_ERROR;
				GCC_WARN_UNDECLARED_SELECTOR = YES;
				GCC_WARN_UNINITIALIZED_AUTOS = YES_AGGRESSIVE;
				GCC_WARN_UNUSED_FUNCTION = YES;
				GCC_WARN_UNUSED_VARIABLE = YES;
				IPHONEOS_DEPLOYMENT_TARGET = 9.3;
				MTL_ENABLE_DEBUG_INFO = NO;
				SDKROOT = iphoneos;
				VALIDATE_PRODUCT = YES;
			};
			name = Release;
		};
		C2B7D9741CDA68FB00349919 /* Debug */ = {
			isa = XCBuildConfiguration;
			buildSettings = {
				ASSETCATALOG_COMPILER_APPICON_NAME = AppIcon;
				INFOPLIST_FILE = Nextdoor/Info.plist;
				LD_RUNPATH_SEARCH_PATHS = "$(inherited) @executable_path/Frameworks";
				PRODUCT_BUNDLE_IDENTIFIER = xoxo.work.Nextdoor;
				PRODUCT_NAME = "$(TARGET_NAME)";
			};
			name = Debug;
		};
		C2B7D9751CDA68FB00349919 /* Release */ = {
			isa = XCBuildConfiguration;
			buildSettings = {
				ASSETCATALOG_COMPILER_APPICON_NAME = AppIcon;
				INFOPLIST_FILE = Nextdoor/Info.plist;
				LD_RUNPATH_SEARCH_PATHS = "$(inherited) @executable_path/Frameworks";
				PRODUCT_BUNDLE_IDENTIFIER = xoxo.work.Nextdoor;
				PRODUCT_NAME = "$(TARGET_NAME)";
			};
			name = Release;
		};
		C2B7D9771CDA68FB00349919 /* Debug */ = {
			isa = XCBuildConfiguration;
			buildSettings = {
				BUNDLE_LOADER = "$(TEST_HOST)";
				INFOPLIST_FILE = NextdoorTests/Info.plist;
				LD_RUNPATH_SEARCH_PATHS = "$(inherited) @executable_path/Frameworks @loader_path/Frameworks";
				PRODUCT_BUNDLE_IDENTIFIER = xoxo.work.NextdoorTests;
				PRODUCT_NAME = "$(TARGET_NAME)";
				TEST_HOST = "$(BUILT_PRODUCTS_DIR)/Nextdoor.app/Nextdoor";
			};
			name = Debug;
		};
		C2B7D9781CDA68FB00349919 /* Release */ = {
			isa = XCBuildConfiguration;
			buildSettings = {
				BUNDLE_LOADER = "$(TEST_HOST)";
				INFOPLIST_FILE = NextdoorTests/Info.plist;
				LD_RUNPATH_SEARCH_PATHS = "$(inherited) @executable_path/Frameworks @loader_path/Frameworks";
				PRODUCT_BUNDLE_IDENTIFIER = xoxo.work.NextdoorTests;
				PRODUCT_NAME = "$(TARGET_NAME)";
				TEST_HOST = "$(BUILT_PRODUCTS_DIR)/Nextdoor.app/Nextdoor";
			};
			name = Release;
		};
/* End XCBuildConfiguration section */

/* Begin XCConfigurationList section */
		C2B7D9511CDA68FB00349919 /* Build configuration list for PBXProject "Nextdoor" */ = {
			isa = XCConfigurationList;
			buildConfigurations = (
				C2B7D9711CDA68FB00349919 /* Debug */,
				C2B7D9721CDA68FB00349919 /* Release */,
			);
			defaultConfigurationIsVisible = 0;
			defaultConfigurationName = Release;
		};
		C2B7D9731CDA68FB00349919 /* Build configuration list for PBXNativeTarget "Nextdoor" */ = {
			isa = XCConfigurationList;
			buildConfigurations = (
				C2B7D9741CDA68FB00349919 /* Debug */,
				C2B7D9751CDA68FB00349919 /* Release */,
			);
			defaultConfigurationIsVisible = 0;
		};
		C2B7D9761CDA68FB00349919 /* Build configuration list for PBXNativeTarget "NextdoorTests" */ = {
			isa = XCConfigurationList;
			buildConfigurations = (
				C2B7D9771CDA68FB00349919 /* Debug */,
				C2B7D9781CDA68FB00349919 /* Release */,
			);
			defaultConfigurationIsVisible = 0;
		};
/* End XCConfigurationList section */
	};
	rootObject = C2B7D94E1CDA68FB00349919 /* Project object */;
}
